Microsoft Visual Studio Solution File, Format Version 12.00
# Visual Studio 15
VisualStudioVersion = 15.0.27004.2006
MinimumVisualStudioVersion = 10.0.40219.1
Project("{9A19103F-16F7-4668-BE54-9A1E7A4F7556}") = "Enable.Extensions.Queuing.Abstractions", "src\Enable.Extensions.Queuing.Abstractions\Enable.Extensions.Queuing.Abstractions.csproj", "{69B0CD36-A2F4-47A7-8350-7C6F91157902}"
EndProject
Project("{2150E333-8FDC-42A3-9474-1A3956D46DE8}") = "src", "src", "{5E460909-2E66-4038-A5D0-0F7DDEE06FEC}"
EndProject
Project("{2150E333-8FDC-42A3-9474-1A3956D46DE8}") = "Solution Items", "Solution Items", "{124CDCAD-F4BB-45FD-82A9-BE9A7D5837E7}"
	ProjectSection(SolutionItems) = preProject
		.editorconfig = .editorconfig
		.gitattributes = .gitattributes
		.gitignore = .gitignore
		appveyor.yml = appveyor.yml
		CHANGELOG.md = CHANGELOG.md
		CONTRIBUTING.md = CONTRIBUTING.md
		CustomExtendedCorrectnessRules.ruleset = CustomExtendedCorrectnessRules.ruleset
		LICENSE = LICENSE
		README.md = README.md
	EndProjectSection
EndProject
Project("{9A19103F-16F7-4668-BE54-9A1E7A4F7556}") = "Enable.Extensions.Queuing.RabbitMQ", "src\Enable.Extensions.Queuing.RabbitMQ\Enable.Extensions.Queuing.RabbitMQ.csproj", "{DB0152B0-6061-4AF8-87C6-207A5FB88245}"
EndProject
Project("{FAE04EC0-301F-11D3-BF4B-00C04F79EFBC}") = "Enable.Extensions.Queuing.InMemory", "src\Enable.Extensions.Queuing.InMemory\Enable.Extensions.Queuing.InMemory.csproj", "{C0322295-7F44-4DA1-BF59-1BF61096EC3E}"
EndProject
Project("{2150E333-8FDC-42A3-9474-1A3956D46DE8}") = "test", "test", "{10ED950A-E129-4E18-85B7-C18907703918}"
EndProject
Project("{FAE04EC0-301F-11D3-BF4B-00C04F79EFBC}") = "Enable.Extensions.Queuing.InMemory.Tests", "test\Enable.Extensions.Queuing.InMemory.Tests\Enable.Extensions.Queuing.InMemory.Tests.csproj", "{B12ECE97-C60D-40A5-AF19-9F8BE5B3D043}"
EndProject
Project("{9A19103F-16F7-4668-BE54-9A1E7A4F7556}") = "Enable.Extensions.Queuing.AzureServiceBus", "src\Enable.Extensions.Queuing.AzureServiceBus\Enable.Extensions.Queuing.AzureServiceBus.csproj", "{5DBB108B-608B-44CC-997C-074B78E0E288}"
EndProject
Project("{9A19103F-16F7-4668-BE54-9A1E7A4F7556}") = "Enable.Extensions.Queuing.AzureStorage", "src\Enable.Extensions.Queuing.AzureStorage\Enable.Extensions.Queuing.AzureStorage.csproj", "{EB32A2DA-E687-475B-9255-3278DE29F2D3}"
EndProject
Project("{FAE04EC0-301F-11D3-BF4B-00C04F79EFBC}") = "Enable.Extensions.Queuing.AzureServiceBus.Tests", "test\Enable.Extensions.Queuing.AzureServiceBus.Tests\Enable.Extensions.Queuing.AzureServiceBus.Tests.csproj", "{888F3DBF-D5BE-406E-A341-527BF4C58013}"
EndProject
Global
	GlobalSection(SolutionConfigurationPlatforms) = preSolution
		Debug|Any CPU = Debug|Any CPU
		Release|Any CPU = Release|Any CPU
	EndGlobalSection
	GlobalSection(ProjectConfigurationPlatforms) = postSolution
		{69B0CD36-A2F4-47A7-8350-7C6F91157902}.Debug|Any CPU.ActiveCfg = Debug|Any CPU
		{69B0CD36-A2F4-47A7-8350-7C6F91157902}.Debug|Any CPU.Build.0 = Debug|Any CPU
		{69B0CD36-A2F4-47A7-8350-7C6F91157902}.Release|Any CPU.ActiveCfg = Release|Any CPU
		{69B0CD36-A2F4-47A7-8350-7C6F91157902}.Release|Any CPU.Build.0 = Release|Any CPU
		{DB0152B0-6061-4AF8-87C6-207A5FB88245}.Debug|Any CPU.ActiveCfg = Debug|Any CPU
		{DB0152B0-6061-4AF8-87C6-207A5FB88245}.Debug|Any CPU.Build.0 = Debug|Any CPU
		{DB0152B0-6061-4AF8-87C6-207A5FB88245}.Release|Any CPU.ActiveCfg = Release|Any CPU
		{DB0152B0-6061-4AF8-87C6-207A5FB88245}.Release|Any CPU.Build.0 = Release|Any CPU
		{C0322295-7F44-4DA1-BF59-1BF61096EC3E}.Debug|Any CPU.ActiveCfg = Debug|Any CPU
		{C0322295-7F44-4DA1-BF59-1BF61096EC3E}.Debug|Any CPU.Build.0 = Debug|Any CPU
		{C0322295-7F44-4DA1-BF59-1BF61096EC3E}.Release|Any CPU.ActiveCfg = Release|Any CPU
		{C0322295-7F44-4DA1-BF59-1BF61096EC3E}.Release|Any CPU.Build.0 = Release|Any CPU
		{B12ECE97-C60D-40A5-AF19-9F8BE5B3D043}.Debug|Any CPU.ActiveCfg = Debug|Any CPU
		{B12ECE97-C60D-40A5-AF19-9F8BE5B3D043}.Debug|Any CPU.Build.0 = Debug|Any CPU
		{B12ECE97-C60D-40A5-AF19-9F8BE5B3D043}.Release|Any CPU.ActiveCfg = Release|Any CPU
		{B12ECE97-C60D-40A5-AF19-9F8BE5B3D043}.Release|Any CPU.Build.0 = Release|Any CPU
		{5DBB108B-608B-44CC-997C-074B78E0E288}.Debug|Any CPU.ActiveCfg = Debug|Any CPU
		{5DBB108B-608B-44CC-997C-074B78E0E288}.Debug|Any CPU.Build.0 = Debug|Any CPU
		{5DBB108B-608B-44CC-997C-074B78E0E288}.Release|Any CPU.ActiveCfg = Release|Any CPU
		{5DBB108B-608B-44CC-997C-074B78E0E288}.Release|Any CPU.Build.0 = Release|Any CPU
		{EB32A2DA-E687-475B-9255-3278DE29F2D3}.Debug|Any CPU.ActiveCfg = Debug|Any CPU
		{EB32A2DA-E687-475B-9255-3278DE29F2D3}.Debug|Any CPU.Build.0 = Debug|Any CPU
		{EB32A2DA-E687-475B-9255-3278DE29F2D3}.Release|Any CPU.ActiveCfg = Release|Any CPU
		{EB32A2DA-E687-475B-9255-3278DE29F2D3}.Release|Any CPU.Build.0 = Release|Any CPU
		{888F3DBF-D5BE-406E-A341-527BF4C58013}.Debug|Any CPU.ActiveCfg = Debug|Any CPU
		{888F3DBF-D5BE-406E-A341-527BF4C58013}.Debug|Any CPU.Build.0 = Debug|Any CPU
		{888F3DBF-D5BE-406E-A341-527BF4C58013}.Release|Any CPU.ActiveCfg = Release|Any CPU
		{888F3DBF-D5BE-406E-A341-527BF4C58013}.Release|Any CPU.Build.0 = Release|Any CPU
	EndGlobalSection
	GlobalSection(SolutionProperties) = preSolution
		HideSolutionNode = FALSE
	EndGlobalSection
	GlobalSection(NestedProjects) = preSolution
		{69B0CD36-A2F4-47A7-8350-7C6F91157902} = {5E460909-2E66-4038-A5D0-0F7DDEE06FEC}
		{DB0152B0-6061-4AF8-87C6-207A5FB88245} = {5E460909-2E66-4038-A5D0-0F7DDEE06FEC}
		{C0322295-7F44-4DA1-BF59-1BF61096EC3E} = {5E460909-2E66-4038-A5D0-0F7DDEE06FEC}
		{B12ECE97-C60D-40A5-AF19-9F8BE5B3D043} = {10ED950A-E129-4E18-85B7-C18907703918}
		{5DBB108B-608B-44CC-997C-074B78E0E288} = {5E460909-2E66-4038-A5D0-0F7DDEE06FEC}
		{EB32A2DA-E687-475B-9255-3278DE29F2D3} = {5E460909-2E66-4038-A5D0-0F7DDEE06FEC}
		{888F3DBF-D5BE-406E-A341-527BF4C58013} = {10ED950A-E129-4E18-85B7-C18907703918}
	EndGlobalSection
	GlobalSection(ExtensibilityGlobals) = postSolution
		SolutionGuid = {AE61406A-5002-4A85-9F7C-2BEE86711A27}
	EndGlobalSection
EndGlobal
